
Microsoft Visual Studio Solution File, Format Version 12.00
# Visual Studio Version 17
VisualStudioVersion = 17.6.33815.320
MinimumVisualStudioVersion = 10.0.40219.1
Project("{FAE04EC0-301F-11D3-BF4B-00C04F79EFBC}") = "ASPreactSample3", "ASPreactSample3\ASPreactSample3.csproj", "{3ECD9EC4-8BF1-45BB-B4C1-A2F318D26725}"
EndProject
Global
	GlobalSection(SolutionConfigurationPlatforms) = preSolution
		Debug|Any CPU = Debug|Any CPU
		Release|Any CPU = Release|Any CPU
	EndGlobalSection
	GlobalSection(ProjectConfigurationPlatforms) = postSolution
		{3ECD9EC4-8BF1-45BB-B4C1-A2F318D26725}.Debug|Any CPU.ActiveCfg = Debug|Any CPU
		{3ECD9EC4-8BF1-45BB-B4C1-A2F318D26725}.Debug|Any CPU.Build.0 = Debug|Any CPU
		{3ECD9EC4-8BF1-45BB-B4C1-A2F318D26725}.Release|Any CPU.ActiveCfg = Release|Any CPU
		{3ECD9EC4-8BF1-45BB-B4C1-A2F318D26725}.Release|Any CPU.Build.0 = Release|Any CPU
	EndGlobalSection
	GlobalSection(SolutionProperties) = preSolution
		HideSolutionNode = FALSE
	EndGlobalSection
	GlobalSection(ExtensibilityGlobals) = postSolution
		SolutionGuid = {73893D9D-197A-44E9-81DD-3DBB69C4F272}
	EndGlobalSection
EndGlobal
